// !$*UTF8*$!
{
	archiveVersion = 1;
	classes = {
	};
	objectVersion = 46;
	objects = {

/* Begin PBXBuildFile section */
		9C5BC010149FB01D00A82191 /* UIKit.framework in Frameworks */ = {isa = PBXBuildFile; fileRef = 9C5BC00F149FB01D00A82191 /* UIKit.framework */; };
		9C5BC012149FB01D00A82191 /* Foundation.framework in Frameworks */ = {isa = PBXBuildFile; fileRef = 9C5BC011149FB01D00A82191 /* Foundation.framework */; };
		9C5BC014149FB01D00A82191 /* CoreGraphics.framework in Frameworks */ = {isa = PBXBuildFile; fileRef = 9C5BC013149FB01D00A82191 /* CoreGraphics.framework */; };
		9C5BC01A149FB01D00A82191 /* InfoPlist.strings in Resources */ = {isa = PBXBuildFile; fileRef = 9C5BC018149FB01D00A82191 /* InfoPlist.strings */; };
		9C5BC01C149FB01D00A82191 /* main.m in Sources */ = {isa = PBXBuildFile; fileRef = 9C5BC01B149FB01D00A82191 /* main.m */; };
		9C5BC020149FB01D00A82191 /* AppDelegate.m in Sources */ = {isa = PBXBuildFile; fileRef = 9C5BC01F149FB01D00A82191 /* AppDelegate.m */; };
		9C5BC023149FB01D00A82191 /* ViewController.m in Sources */ = {isa = PBXBuildFile; fileRef = 9C5BC022149FB01D00A82191 /* ViewController.m */; };
		9C5BC026149FB01D00A82191 /* ViewController.xib in Resources */ = {isa = PBXBuildFile; fileRef = 9C5BC024149FB01D00A82191 /* ViewController.xib */; };
		9C5BC02E149FB12600A82191 /* PullToRefreshView.m in Sources */ = {isa = PBXBuildFile; fileRef = 9C5BC02D149FB12600A82191 /* PullToRefreshView.m */; };
		9C5BC031149FB15000A82191 /* arrow.png in Resources */ = {isa = PBXBuildFile; fileRef = 9C5BC02F149FB15000A82191 /* arrow.png */; };
		9C5BC032149FB15000A82191 /* arrow@2x.png in Resources */ = {isa = PBXBuildFile; fileRef = 9C5BC030149FB15000A82191 /* arrow@2x.png */; };
		9C9EC5A414B22E41000F5B9A /* QuartzCore.framework in Frameworks */ = {isa = PBXBuildFile; fileRef = 9C9EC5A114B22E1F000F5B9A /* QuartzCore.framework */; };
/* End PBXBuildFile section */

/* Begin PBXFileReference section */
		9C5BC00B149FB01C00A82191 /* PullToRefreshView.app */ = {isa = PBXFileReference; explicitFileType = wrapper.application; includeInIndex = 0; path = PullToRefreshView.app; sourceTree = BUILT_PRODUCTS_DIR; };
		9C5BC00F149FB01D00A82191 /* UIKit.framework */ = {isa = PBXFileReference; lastKnownFileType = wrapper.framework; name = UIKit.framework; path = System/Library/Frameworks/UIKit.framework; sourceTree = SDKROOT; };
		9C5BC011149FB01D00A82191 /* Foundation.framework */ = {isa = PBXFileReference; lastKnownFileType = wrapper.framework; name = Foundation.framework; path = System/Library/Frameworks/Foundation.framework; sourceTree = SDKROOT; };
		9C5BC013149FB01D00A82191 /* CoreGraphics.framework */ = {isa = PBXFileReference; lastKnownFileType = wrapper.framework; name = CoreGraphics.framework; path = System/Library/Frameworks/CoreGraphics.framework; sourceTree = SDKROOT; };
		9C5BC017149FB01D00A82191 /* PullToRefreshView-Info.plist */ = {isa = PBXFileReference; lastKnownFileType = text.plist.xml; path = "PullToRefreshView-Info.plist"; sourceTree = "<group>"; };
		9C5BC019149FB01D00A82191 /* en */ = {isa = PBXFileReference; lastKnownFileType = text.plist.strings; name = en; path = en.lproj/InfoPlist.strings; sourceTree = "<group>"; };
		9C5BC01B149FB01D00A82191 /* main.m */ = {isa = PBXFileReference; lastKnownFileType = sourcecode.c.objc; path = main.m; sourceTree = "<group>"; };
		9C5BC01D149FB01D00A82191 /* PullToRefreshView-Prefix.pch */ = {isa = PBXFileReference; lastKnownFileType = sourcecode.c.h; path = "PullToRefreshView-Prefix.pch"; sourceTree = "<group>"; };
		9C5BC01E149FB01D00A82191 /* AppDelegate.h */ = {isa = PBXFileReference; lastKnownFileType = sourcecode.c.h; path = AppDelegate.h; sourceTree = "<group>"; };
		9C5BC01F149FB01D00A82191 /* AppDelegate.m */ = {isa = PBXFileReference; lastKnownFileType = sourcecode.c.objc; path = AppDelegate.m; sourceTree = "<group>"; };
		9C5BC021149FB01D00A82191 /* ViewController.h */ = {isa = PBXFileReference; lastKnownFileType = sourcecode.c.h; path = ViewController.h; sourceTree = "<group>"; };
		9C5BC022149FB01D00A82191 /* ViewController.m */ = {isa = PBXFileReference; lastKnownFileType = sourcecode.c.objc; path = ViewController.m; sourceTree = "<group>"; };
		9C5BC025149FB01D00A82191 /* en */ = {isa = PBXFileReference; lastKnownFileType = file.xib; name = en; path = en.lproj/ViewController.xib; sourceTree = "<group>"; };
		9C5BC02C149FB12600A82191 /* PullToRefreshView.h */ = {isa = PBXFileReference; fileEncoding = 4; lastKnownFileType = sourcecode.c.h; name = PullToRefreshView.h; path = ../../PullToRefreshView.h; sourceTree = "<group>"; };
		9C5BC02D149FB12600A82191 /* PullToRefreshView.m */ = {isa = PBXFileReference; fileEncoding = 4; lastKnownFileType = sourcecode.c.objc; name = PullToRefreshView.m; path = ../../PullToRefreshView.m; sourceTree = "<group>"; };
		9C5BC02F149FB15000A82191 /* arrow.png */ = {isa = PBXFileReference; lastKnownFileType = image.png; name = arrow.png; path = ../../arrow.png; sourceTree = "<group>"; };
		9C5BC030149FB15000A82191 /* arrow@2x.png */ = {isa = PBXFileReference; lastKnownFileType = image.png; name = "arrow@2x.png"; path = "../../arrow@2x.png"; sourceTree = "<group>"; };
		9C5BC033149FB16400A82191 /* README */ = {isa = PBXFileReference; lastKnownFileType = text; name = README; path = ../../README; sourceTree = "<group>"; };
		9C9EC5A114B22E1F000F5B9A /* QuartzCore.framework */ = {isa = PBXFileReference; lastKnownFileType = wrapper.framework; name = QuartzCore.framework; path = System/Library/Frameworks/QuartzCore.framework; sourceTree = SDKROOT; };
/* End PBXFileReference section */

/* Begin PBXFrameworksBuildPhase section */
		9C5BC008149FB01C00A82191 /* Frameworks */ = {
			isa = PBXFrameworksBuildPhase;
			buildActionMask = 2147483647;
			files = (
				9C5BC010149FB01D00A82191 /* UIKit.framework in Frameworks */,
				9C5BC012149FB01D00A82191 /* Foundation.framework in Frameworks */,
				9C5BC014149FB01D00A82191 /* CoreGraphics.framework in Frameworks */,
				9C9EC5A414B22E41000F5B9A /* QuartzCore.framework in Frameworks */,
			);
			runOnlyForDeploymentPostprocessing = 0;
		};
/* End PBXFrameworksBuildPhase section */

/* Begin PBXGroup section */
		9C5BC000149FB01C00A82191 = {
			isa = PBXGroup;
			children = (
				9C5BC015149FB01D00A82191 /* PullToRefreshView */,
				9C5BC00E149FB01D00A82191 /* Frameworks */,
				9C5BC00C149FB01D00A82191 /* Products */,
			);
			sourceTree = "<group>";
		};
		9C5BC00C149FB01D00A82191 /* Products */ = {
			isa = PBXGroup;
			children = (
				9C5BC00B149FB01C00A82191 /* PullToRefreshView.app */,
			);
			name = Products;
			sourceTree = "<group>";
		};
		9C5BC00E149FB01D00A82191 /* Frameworks */ = {
			isa = PBXGroup;
			children = (
				9C9EC5A114B22E1F000F5B9A /* QuartzCore.framework */,
				9C5BC00F149FB01D00A82191 /* UIKit.framework */,
				9C5BC011149FB01D00A82191 /* Foundation.framework */,
				9C5BC013149FB01D00A82191 /* CoreGraphics.framework */,
			);
			name = Frameworks;
			sourceTree = "<group>";
		};
		9C5BC015149FB01D00A82191 /* PullToRefreshView */ = {
			isa = PBXGroup;
			children = (
				9C5BC033149FB16400A82191 /* README */,
				9C5BC02F149FB15000A82191 /* arrow.png */,
				9C5BC030149FB15000A82191 /* arrow@2x.png */,
				9C5BC02C149FB12600A82191 /* PullToRefreshView.h */,
				9C5BC02D149FB12600A82191 /* PullToRefreshView.m */,
				9C5BC01E149FB01D00A82191 /* AppDelegate.h */,
				9C5BC01F149FB01D00A82191 /* AppDelegate.m */,
				9C5BC021149FB01D00A82191 /* ViewController.h */,
				9C5BC022149FB01D00A82191 /* ViewController.m */,
				9C5BC024149FB01D00A82191 /* ViewController.xib */,
				9C5BC016149FB01D00A82191 /* Supporting Files */,
			);
			path = PullToRefreshView;
			sourceTree = "<group>";
		};
		9C5BC016149FB01D00A82191 /* Supporting Files */ = {
			isa = PBXGroup;
			children = (
				9C5BC017149FB01D00A82191 /* PullToRefreshView-Info.plist */,
				9C5BC018149FB01D00A82191 /* InfoPlist.strings */,
				9C5BC01B149FB01D00A82191 /* main.m */,
				9C5BC01D149FB01D00A82191 /* PullToRefreshView-Prefix.pch */,
			);
			name = "Supporting Files";
			sourceTree = "<group>";
		};
/* End PBXGroup section */

/* Begin PBXNativeTarget section */
		9C5BC00A149FB01C00A82191 /* PullToRefreshView */ = {
			isa = PBXNativeTarget;
			buildConfigurationList = 9C5BC029149FB01D00A82191 /* Build configuration list for PBXNativeTarget "PullToRefreshView" */;
			buildPhases = (
				9C5BC007149FB01C00A82191 /* Sources */,
				9C5BC008149FB01C00A82191 /* Frameworks */,
				9C5BC009149FB01C00A82191 /* Resources */,
			);
			buildRules = (
			);
			dependencies = (
			);
			name = PullToRefreshView;
			productName = PullToRefreshView;
			productReference = 9C5BC00B149FB01C00A82191 /* PullToRefreshView.app */;
			productType = "com.apple.product-type.application";
		};
/* End PBXNativeTarget section */

/* Begin PBXProject section */
		9C5BC002149FB01C00A82191 /* Project object */ = {
			isa = PBXProject;
			attributes = {
				LastUpgradeCheck = 0420;
				ORGANIZATIONNAME = "Two Bit Labs";
			};
			buildConfigurationList = 9C5BC005149FB01C00A82191 /* Build configuration list for PBXProject "PullToRefreshView" */;
			compatibilityVersion = "Xcode 3.2";
			developmentRegion = English;
			hasScannedForEncodings = 0;
			knownRegions = (
				en,
			);
			mainGroup = 9C5BC000149FB01C00A82191;
			productRefGroup = 9C5BC00C149FB01D00A82191 /* Products */;
			projectDirPath = "";
			projectRoot = "";
			targets = (
				9C5BC00A149FB01C00A82191 /* PullToRefreshView */,
			);
		};
/* End PBXProject section */

/* Begin PBXResourcesBuildPhase section */
		9C5BC009149FB01C00A82191 /* Resources */ = {
			isa = PBXResourcesBuildPhase;
			buildActionMask = 2147483647;
			files = (
				9C5BC01A149FB01D00A82191 /* InfoPlist.strings in Resources */,
				9C5BC026149FB01D00A82191 /* ViewController.xib in Resources */,
				9C5BC031149FB15000A82191 /* arrow.png in Resources */,
				9C5BC032149FB15000A82191 /* arrow@2x.png in Resources */,
			);
			runOnlyForDeploymentPostprocessing = 0;
		};
/* End PBXResourcesBuildPhase section */

/* Begin PBXSourcesBuildPhase section */
		9C5BC007149FB01C00A82191 /* Sources */ = {
			isa = PBXSourcesBuildPhase;
			buildActionMask = 2147483647;
			files = (
				9C5BC01C149FB01D00A82191 /* main.m in Sources */,
				9C5BC020149FB01D00A82191 /* AppDelegate.m in Sources */,
				9C5BC023149FB01D00A82191 /* ViewController.m in Sources */,
				9C5BC02E149FB12600A82191 /* PullToRefreshView.m in Sources */,
			);
			runOnlyForDeploymentPostprocessing = 0;
		};
/* End PBXSourcesBuildPhase section */

/* Begin PBXVariantGroup section */
		9C5BC018149FB01D00A82191 /* InfoPlist.strings */ = {
			isa = PBXVariantGroup;
			children = (
				9C5BC019149FB01D00A82191 /* en */,
			);
			name = InfoPlist.strings;
			sourceTree = "<group>";
		};
		9C5BC024149FB01D00A82191 /* ViewController.xib */ = {
			isa = PBXVariantGroup;
			children = (
				9C5BC025149FB01D00A82191 /* en */,
			);
			name = ViewController.xib;
			sourceTree = "<group>";
		};
/* End PBXVariantGroup section */

/* Begin XCBuildConfiguration section */
		9C5BC027149FB01D00A82191 /* Debug */ = {
			isa = XCBuildConfiguration;
			buildSettings = {
				ALWAYS_SEARCH_USER_PATHS = NO;
				ARCHS = "$(ARCHS_STANDARD_32_BIT)";
				"CODE_SIGN_IDENTITY[sdk=iphoneos*]" = "iPhone Developer";
				COPY_PHASE_STRIP = NO;
				GCC_C_LANGUAGE_STANDARD = gnu99;
				GCC_DYNAMIC_NO_PIC = NO;
				GCC_OPTIMIZATION_LEVEL = 0;
				GCC_PREPROCESSOR_DEFINITIONS = (
					"DEBUG=1",
					"$(inherited)",
				);
				GCC_SYMBOLS_PRIVATE_EXTERN = NO;
				GCC_VERSION = com.apple.compilers.llvm.clang.1_0;
				GCC_WARN_ABOUT_MISSING_PROTOTYPES = YES;
				GCC_WARN_ABOUT_RETURN_TYPE = YES;
				GCC_WARN_UNUSED_VARIABLE = YES;
				IPHONEOS_DEPLOYMENT_TARGET = 5.0;
				SDKROOT = iphoneos;
			};
			name = Debug;
		};
		9C5BC028149FB01D00A82191 /* Release */ = {
			isa = XCBuildConfiguration;
			buildSettings = {
				ALWAYS_SEARCH_USER_PATHS = NO;
				ARCHS = "$(ARCHS_STANDARD_32_BIT)";
				"CODE_SIGN_IDENTITY[sdk=iphoneos*]" = "iPhone Developer";
				COPY_PHASE_STRIP = YES;
				GCC_C_LANGUAGE_STANDARD = gnu99;
				GCC_VERSION = com.apple.compilers.llvm.clang.1_0;
				GCC_WARN_ABOUT_MISSING_PROTOTYPES = YES;
				GCC_WARN_ABOUT_RETURN_TYPE = YES;
				GCC_WARN_UNUSED_VARIABLE = YES;
				IPHONEOS_DEPLOYMENT_TARGET = 5.0;
				OTHER_CFLAGS = "-DNS_BLOCK_ASSERTIONS=1";
				SDKROOT = iphoneos;
				VALIDATE_PRODUCT = YES;
			};
			name = Release;
		};
		9C5BC02A149FB01D00A82191 /* Debug */ = {
			isa = XCBuildConfiguration;
			buildSettings = {
				GCC_PRECOMPILE_PREFIX_HEADER = YES;
				GCC_PREFIX_HEADER = "PullToRefreshView/PullToRefreshView-Prefix.pch";
				INFOPLIST_FILE = "PullToRefreshView/PullToRefreshView-Info.plist";
				PRODUCT_NAME = "$(TARGET_NAME)";
				WRAPPER_EXTENSION = app;
			};
			name = Debug;
		};
		9C5BC02B149FB01D00A82191 /* Release */ = {
			isa = XCBuildConfiguration;
			buildSettings = {
				GCC_PRECOMPILE_PREFIX_HEADER = YES;
				GCC_PREFIX_HEADER = "PullToRefreshView/PullToRefreshView-Prefix.pch";
				INFOPLIST_FILE = "PullToRefreshView/PullToRefreshView-Info.plist";
				PRODUCT_NAME = "$(TARGET_NAME)";
				WRAPPER_EXTENSION = app;
			};
			name = Release;
		};
/* End XCBuildConfiguration section */

/* Begin XCConfigurationList section */
		9C5BC005149FB01C00A82191 /* Build configuration list for PBXProject "PullToRefreshView" */ = {
			isa = XCConfigurationList;
			buildConfigurations = (
				9C5BC027149FB01D00A82191 /* Debug */,
				9C5BC028149FB01D00A82191 /* Release */,
			);
			defaultConfigurationIsVisible = 0;
			defaultConfigurationName = Release;
		};
		9C5BC029149FB01D00A82191 /* Build configuration list for PBXNativeTarget "PullToRefreshView" */ = {
			isa = XCConfigurationList;
			buildConfigurations = (
				9C5BC02A149FB01D00A82191 /* Debug */,
				9C5BC02B149FB01D00A82191 /* Release */,
			);
			defaultConfigurationIsVisible = 0;
			defaultConfigurationName = Release;
		};
/* End XCConfigurationList section */
	};
	rootObject = 9C5BC002149FB01C00A82191 /* Project object */;
}
